
Microsoft Visual Studio Solution File, Format Version 12.00
# Visual Studio Version 17
VisualStudioVersion = 17.3.32929.385
MinimumVisualStudioVersion = 10.0.40219.1
Project("{FAE04EC0-301F-11D3-BF4B-00C04F79EFBC}") = "ApiMongo", "ApiMongo.csproj", "{2239B069-959B-43F0-8FD6-6EBBC9D32418}"
EndProject
Global
	GlobalSection(SolutionConfigurationPlatforms) = preSolution
		Debug|Any CPU = Debug|Any CPU
		Release|Any CPU = Release|Any CPU
	EndGlobalSection
	GlobalSection(ProjectConfigurationPlatforms) = postSolution
		{2239B069-959B-43F0-8FD6-6EBBC9D32418}.Debug|Any CPU.ActiveCfg = Debug|Any CPU
		{2239B069-959B-43F0-8FD6-6EBBC9D32418}.Debug|Any CPU.Build.0 = Debug|Any CPU
		{2239B069-959B-43F0-8FD6-6EBBC9D32418}.Release|Any CPU.ActiveCfg = Release|Any CPU
		{2239B069-959B-43F0-8FD6-6EBBC9D32418}.Release|Any CPU.Build.0 = Release|Any CPU
	EndGlobalSection
	GlobalSection(SolutionProperties) = preSolution
		HideSolutionNode = FALSE
	EndGlobalSection
	GlobalSection(ExtensibilityGlobals) = postSolution
		SolutionGuid = {1408AF9D-58DA-4B4F-B11C-C6611C1D801A}
	EndGlobalSection
EndGlobal
